{
  "originHash" : "b16f78ed573cbbeddbce015924cf55c017f7044d10ca052bdc9c5e2c81822b37",
  "pins" : [
    {
      "identity" : "keyboardshortcuts",
      "kind" : "remoteSourceControl",
      "location" : "https://github.com/sindresorhus/KeyboardShortcuts",
      "state" : {
        "revision" : "1aef85578fdd4f9eaeeb8d53b7b4fc31bf08fe27",
        "version" : "2.4.0"
      }
    }
  ],
  "version" : 3
}
